
Microsoft Visual Studio Solution File, Format Version 12.00
# Visual Studio Version 17
VisualStudioVersion = 17.14.36203.30
MinimumVisualStudioVersion = 10.0.40219.1
Project("{FAE04EC0-301F-11D3-BF4B-00C04F79EFBC}") = "Profeluno", "Profeluno.csproj", "{8A12F69E-A179-49E5-9977-0EBA6BA4A01B}"
EndProject
Global
	GlobalSection(SolutionConfigurationPlatforms) = preSolution
		Debug|Any CPU = Debug|Any CPU
		Release|Any CPU = Release|Any CPU
	EndGlobalSection
	GlobalSection(ProjectConfigurationPlatforms) = postSolution
		{8A12F69E-A179-49E5-9977-0EBA6BA4A01B}.Debug|Any CPU.ActiveCfg = Debug|Any CPU
		{8A12F69E-A179-49E5-9977-0EBA6BA4A01B}.Debug|Any CPU.Build.0 = Debug|Any CPU
		{8A12F69E-A179-49E5-9977-0EBA6BA4A01B}.Release|Any CPU.ActiveCfg = Release|Any CPU
		{8A12F69E-A179-49E5-9977-0EBA6BA4A01B}.Release|Any CPU.Build.0 = Release|Any CPU
	EndGlobalSection
	GlobalSection(SolutionProperties) = preSolution
		HideSolutionNode = FALSE
	EndGlobalSection
	GlobalSection(ExtensibilityGlobals) = postSolution
		SolutionGuid = {834A43D2-6871-4BF0-9FDD-8815B32BF74E}
	EndGlobalSection
EndGlobal
